
Microsoft Visual Studio Solution File, Format Version 12.00
Project("{FAE04EC0-301F-11D3-BF4B-00C04F79EFBC}") = "DateTimeToUnixConverter", "DateTimeToUnixConverter.csproj", "{B23523C4-CDD2-40C2-AAF4-B0F405E30E65}"
EndProject
Global
	GlobalSection(SolutionConfigurationPlatforms) = preSolution
		Debug|Any CPU = Debug|Any CPU
		Release|Any CPU = Release|Any CPU
	EndGlobalSection
	GlobalSection(ProjectConfigurationPlatforms) = postSolution
		{B23523C4-CDD2-40C2-AAF4-B0F405E30E65}.Debug|Any CPU.ActiveCfg = Debug|Any CPU
		{B23523C4-CDD2-40C2-AAF4-B0F405E30E65}.Debug|Any CPU.Build.0 = Debug|Any CPU
		{B23523C4-CDD2-40C2-AAF4-B0F405E30E65}.Release|Any CPU.ActiveCfg = Release|Any CPU
		{B23523C4-CDD2-40C2-AAF4-B0F405E30E65}.Release|Any CPU.Build.0 = Release|Any CPU
	EndGlobalSection
EndGlobal
